
Microsoft Visual Studio Solution File, Format Version 12.00
# Visual Studio 2012
Project("{8BC9CEB8-8B4A-11D0-8D11-00A0C91BC942}") = "IntroStaticCPPKernel", "IntroStaticCPPKernelVS12.vcxproj", "{967B7A59-CDD0-4830-A537-C66D364517A7}"
EndProject
Global
	GlobalSection(SolutionConfigurationPlatforms) = preSolution
		Debug|Win32 = Debug|Win32
		Debug|x64 = Debug|x64
		Release|Win32 = Release|Win32
		Release|x64 = Release|x64
	EndGlobalSection
	GlobalSection(ProjectConfigurationPlatforms) = postSolution
		{967B7A59-CDD0-4830-A537-C66D364517A7}.Debug|Win32.ActiveCfg = Debug|Win32
		{967B7A59-CDD0-4830-A537-C66D364517A7}.Debug|Win32.Build.0 = Debug|Win32
		{967B7A59-CDD0-4830-A537-C66D364517A7}.Debug|x64.ActiveCfg = Debug|x64
		{967B7A59-CDD0-4830-A537-C66D364517A7}.Debug|x64.Build.0 = Debug|x64
		{967B7A59-CDD0-4830-A537-C66D364517A7}.Release|Win32.ActiveCfg = Release|Win32
		{967B7A59-CDD0-4830-A537-C66D364517A7}.Release|Win32.Build.0 = Release|Win32
		{967B7A59-CDD0-4830-A537-C66D364517A7}.Release|x64.ActiveCfg = Release|x64
		{967B7A59-CDD0-4830-A537-C66D364517A7}.Release|x64.Build.0 = Release|x64
	EndGlobalSection
	GlobalSection(SolutionProperties) = preSolution
		HideSolutionNode = FALSE
	EndGlobalSection
EndGlobal
