
Microsoft Visual Studio Solution File, Format Version 11.00
# Visual Studio 2010
Project("{8BC9CEB8-8B4A-11D0-8D11-00A0C91BC942}") = "BasicDebugVS10", "BasicDebugVS10.vcxproj", "{142E4ABF-8EC8-4476-BEB2-06D4E9501ECA}"
EndProject
Global
	GlobalSection(SolutionConfigurationPlatforms) = preSolution
		Debug|Win32 = Debug|Win32
		Debug|x64 = Debug|x64
		Release|Win32 = Release|Win32
		Release|x64 = Release|x64
	EndGlobalSection
	GlobalSection(ProjectConfigurationPlatforms) = postSolution
		{142E4ABF-8EC8-4476-BEB2-06D4E9501ECA}.Debug|Win32.ActiveCfg = Debug|Win32
		{142E4ABF-8EC8-4476-BEB2-06D4E9501ECA}.Debug|Win32.Build.0 = Debug|Win32
		{142E4ABF-8EC8-4476-BEB2-06D4E9501ECA}.Debug|x64.ActiveCfg = Debug|x64
		{142E4ABF-8EC8-4476-BEB2-06D4E9501ECA}.Debug|x64.Build.0 = Debug|x64
		{142E4ABF-8EC8-4476-BEB2-06D4E9501ECA}.Release|Win32.ActiveCfg = Release|Win32
		{142E4ABF-8EC8-4476-BEB2-06D4E9501ECA}.Release|Win32.Build.0 = Release|Win32
		{142E4ABF-8EC8-4476-BEB2-06D4E9501ECA}.Release|x64.ActiveCfg = Release|x64
		{142E4ABF-8EC8-4476-BEB2-06D4E9501ECA}.Release|x64.Build.0 = Release|x64
	EndGlobalSection
	GlobalSection(SolutionProperties) = preSolution
		HideSolutionNode = FALSE
	EndGlobalSection
EndGlobal
