<?xml version="1.0" encoding="utf-8"?>
<Project ToolsVersion="4.0" xmlns="http://schemas.microsoft.com/developer/msbuild/2003">
  <ItemGroup>
    <Filter Include="DXUT">
      <UniqueIdentifier>{bbc9908e-8d39-4dee-9542-1fd500db57fd}</UniqueIdentifier>
    </Filter>
    <Filter Include="Resource Files">
      <UniqueIdentifier>{efcd1955-faa2-4f2f-bac4-04806587fdc8}</UniqueIdentifier>
      <Extensions>rc;ico;cur;bmp;dlg;rc2;rct;bin;rgs;gif;jpg;jpeg;jpe</Extensions>
    </Filter>
  </ItemGroup>
  <ItemGroup>
    <ClCompile Include="DXUTcamera.cpp" />
    <ClCompile Include="DXUTgui.cpp" />
    <ClCompile Include="DXUTguiIME.cpp" />
    <ClCompile Include="DXUTres.cpp" />
    <ClCompile Include="DXUTsettingsdlg.cpp" />
    <ClCompile Include="DXUTShapes.cpp" />
    <ClCompile Include="ImeUi.cpp" />
    <ClCompile Include="SDKmesh.cpp" />
    <ClCompile Include="SDKmisc.cpp" />
    <ClCompile Include="SDKsound.cpp" />
    <ClCompile Include="SDKwavefile.cpp" />
  </ItemGroup>
  <ItemGroup>
    <ClInclude Include="DXUTcamera.h" />
    <ClInclude Include="DXUTgui.h" />
    <ClInclude Include="DXUTguiIME.h" />
    <ClInclude Include="DXUTlockfreepipe.h" />
    <ClInclude Include="DXUTres.h" />
    <ClInclude Include="DXUTsettingsdlg.h" />
    <ClInclude Include="DXUTShapes.h" />
    <ClInclude Include="ImeUi.h" />
    <ClInclude Include="SDKmesh.h" />
    <ClInclude Include="SDKmisc.h" />
    <ClInclude Include="SDKsound.h" />
    <ClInclude Include="SDKwavefile.h" />
  </ItemGroup>
</Project>