<?xml version="1.0" encoding="utf-8"?>
<Project ToolsVersion="4.0" xmlns="http://schemas.microsoft.com/developer/msbuild/2003">
  <ItemGroup>
    <Filter Include="Source Files">
      <UniqueIdentifier>{4FC737F1-C7A5-4376-A066-2A32D752A2FF}</UniqueIdentifier>
      <Extensions>cpp;c;cc;cxx;def;odl;idl;hpj;bat;asm;asmx</Extensions>
    </Filter>
    <Filter Include="Header Files">
      <UniqueIdentifier>{93995380-89BD-4b04-88EB-625FBE52EBFB}</UniqueIdentifier>
      <Extensions>h;hpp;hxx;hm;inl;inc;xsd</Extensions>
    </Filter>
    <Filter Include="Resource Files">
      <UniqueIdentifier>{67DA6AB6-F800-4c08-8B7A-83BB121AAD01}</UniqueIdentifier>
      <Extensions>rc;ico;cur;bmp;dlg;rc2;rct;bin;rgs;gif;jpg;jpeg;jpe;resx;tiff;tif;png;wav</Extensions>
    </Filter>
    <Filter Include="D3D Resources">
      <UniqueIdentifier>{e21b3919-c83e-46c3-8670-bbb433524b5d}</UniqueIdentifier>
    </Filter>
    <Filter Include="D3D Resources\Textures">
      <UniqueIdentifier>{097c35d0-c47d-4f32-8d5f-5ee98743440e}</UniqueIdentifier>
    </Filter>
    <Filter Include="D3D Resources\Shaders">
      <UniqueIdentifier>{d85014ac-34b0-4ee3-a3f4-506fa321b2ee}</UniqueIdentifier>
    </Filter>
    <Filter Include="D3D Resources\Shaders\Compiled">
      <UniqueIdentifier>{6c4bb989-3b05-495c-9510-b6a2292136c5}</UniqueIdentifier>
    </Filter>
    <Filter Include="Kernels">
      <UniqueIdentifier>{32a00a86-be3c-4ae5-bb43-e4febeb85fa2}</UniqueIdentifier>
    </Filter>
  </ItemGroup>
  <ItemGroup>
    <ClCompile Include="D3D10BufferSample.cpp">
      <Filter>Source Files</Filter>
    </ClCompile>
    <ClCompile Include="FreeCamera.cpp">
      <Filter>Source Files</Filter>
    </ClCompile>
    <ClCompile Include="..\Common\OCL_Environment.cpp">
      <Filter>Source Files</Filter>
    </ClCompile>
    <ClCompile Include="..\..\common\utils.cpp">
      <Filter>Source Files</Filter>
    </ClCompile>
  </ItemGroup>
  <ItemGroup>
    <ClInclude Include="FreeCamera.h">
      <Filter>Header Files</Filter>
    </ClInclude>
    <ClInclude Include="..\Common\OCL_Environment.h">
      <Filter>Header Files</Filter>
    </ClInclude>
    <ClInclude Include="..\..\common\utils.h">
      <Filter>Header Files</Filter>
    </ClInclude>
    <ClInclude Include="resource.h">
      <Filter>Resource Files</Filter>
    </ClInclude>
  </ItemGroup>
  <ItemGroup>
    <None Include="particle.dds">
      <Filter>D3D Resources\Textures</Filter>
    </None>
    <None Include="ParticleDraw.fx">
      <Filter>D3D Resources\Shaders</Filter>
    </None>
    <None Include="ParticleDraw.o">
      <Filter>D3D Resources\Shaders\Compiled</Filter>
    </None>
    <None Include="Projection.cl">
      <Filter>Kernels</Filter>
    </None>
    <None Include="RelativeDistanceError.cl">
      <Filter>Kernels</Filter>
    </None>
  </ItemGroup>
</Project>