Microsoft Visual Studio Solution File, Format Version 10.00
# Visual Studio 2008
Project("{8BC9CEB8-8B4A-11D0-8D11-00A0C91BC942}") = "ImageBandwidth", "ImageBandwidth.vcproj", "{C42E7E02-4FE5-4EB5-9C79-97624F59A82D}"
EndProject
Global
	GlobalSection(SolutionConfigurationPlatforms) = preSolution
		Debug|Win32 = Debug|Win32
		Debug|x64 = Debug|x64
		Release|Win32 = Release|Win32
		Release|x64 = Release|x64
	EndGlobalSection
	GlobalSection(ProjectConfigurationPlatforms) = postSolution
		{C42E7E02-4FE5-4EB5-9C79-97624F59A82D}.Debug|Win32.ActiveCfg = Debug|Win32
		{C42E7E02-4FE5-4EB5-9C79-97624F59A82D}.Debug|Win32.Build.0 = Debug|Win32
		{C42E7E02-4FE5-4EB5-9C79-97624F59A82D}.Debug|x64.ActiveCfg = Debug|x64
		{C42E7E02-4FE5-4EB5-9C79-97624F59A82D}.Debug|x64.Build.0 = Debug|x64
		{C42E7E02-4FE5-4EB5-9C79-97624F59A82D}.Release|Win32.ActiveCfg = Release|Win32
		{C42E7E02-4FE5-4EB5-9C79-97624F59A82D}.Release|Win32.Build.0 = Release|Win32
		{C42E7E02-4FE5-4EB5-9C79-97624F59A82D}.Release|x64.ActiveCfg = Release|x64
		{C42E7E02-4FE5-4EB5-9C79-97624F59A82D}.Release|x64.Build.0 = Release|x64
	EndGlobalSection
	GlobalSection(SolutionProperties) = preSolution
		HideSolutionNode = FALSE
	EndGlobalSection
EndGlobal
