
Microsoft Visual Studio Solution File, Format Version 10.00
# Visual Studio 2008
Project("{8BC9CEB8-8B4A-11D0-8D11-00A0C91BC942}") = "PrefixSum", "PrefixSum.vcproj", "{ED590C00-F9B5-4E11-816B-35A16A6D6B6D}"
	ProjectSection(ProjectDependencies) = postProject
		{12B84E62-D3D1-43DE-81ED-9F97B593AEC6} = {12B84E62-D3D1-43DE-81ED-9F97B593AEC6}
	EndProjectSection
EndProject
Project("{8BC9CEB8-8B4A-11D0-8D11-00A0C91BC942}") = "SDKUtil", "..\..\..\SDKUtil\SDKUtil.vcproj", "{12B84E62-D3D1-43DE-81ED-9F97B593AEC6}"
EndProject
Global
	GlobalSection(SolutionConfigurationPlatforms) = preSolution
		Debug|Win32 = Debug|Win32
		Debug|x64 = Debug|x64
		Release|Win32 = Release|Win32
		Release|x64 = Release|x64
	EndGlobalSection
	GlobalSection(ProjectConfigurationPlatforms) = postSolution
		{ED590C00-F9B5-4E11-816B-35A16A6D6B6D}.Debug|Win32.ActiveCfg = Debug|Win32
		{ED590C00-F9B5-4E11-816B-35A16A6D6B6D}.Debug|Win32.Build.0 = Debug|Win32
		{ED590C00-F9B5-4E11-816B-35A16A6D6B6D}.Debug|x64.ActiveCfg = Debug|x64
		{ED590C00-F9B5-4E11-816B-35A16A6D6B6D}.Debug|x64.Build.0 = Debug|x64
		{ED590C00-F9B5-4E11-816B-35A16A6D6B6D}.Release|Win32.ActiveCfg = Release|Win32
		{ED590C00-F9B5-4E11-816B-35A16A6D6B6D}.Release|Win32.Build.0 = Release|Win32
		{ED590C00-F9B5-4E11-816B-35A16A6D6B6D}.Release|x64.ActiveCfg = Release|x64
		{ED590C00-F9B5-4E11-816B-35A16A6D6B6D}.Release|x64.Build.0 = Release|x64
		{12B84E62-D3D1-43DE-81ED-9F97B593AEC6}.Debug|Win32.ActiveCfg = Debug|Win32
		{12B84E62-D3D1-43DE-81ED-9F97B593AEC6}.Debug|Win32.Build.0 = Debug|Win32
		{12B84E62-D3D1-43DE-81ED-9F97B593AEC6}.Debug|x64.ActiveCfg = Debug|x64
		{12B84E62-D3D1-43DE-81ED-9F97B593AEC6}.Debug|x64.Build.0 = Debug|x64
		{12B84E62-D3D1-43DE-81ED-9F97B593AEC6}.Release|Win32.ActiveCfg = Release|Win32
		{12B84E62-D3D1-43DE-81ED-9F97B593AEC6}.Release|Win32.Build.0 = Release|Win32
		{12B84E62-D3D1-43DE-81ED-9F97B593AEC6}.Release|x64.ActiveCfg = Release|x64
		{12B84E62-D3D1-43DE-81ED-9F97B593AEC6}.Release|x64.Build.0 = Release|x64
	EndGlobalSection
	GlobalSection(SolutionProperties) = preSolution
		HideSolutionNode = FALSE
	EndGlobalSection
EndGlobal
